
Microsoft Visual Studio Solution File, Format Version 12.00
# Visual Studio Version 16
VisualStudioVersion = 16.0.30611.23
MinimumVisualStudioVersion = 10.0.40219.1
Project("{8BC9CEB8-8B4A-11D0-8D11-00A0C91BC942}") = "HashServer", "HashServer\HashServer.vcxproj", "{1F524734-D5C9-4EE3-B8DE-63757B0FD123}"
EndProject
Project("{8BC9CEB8-8B4A-11D0-8D11-00A0C91BC942}") = "UnitTestHashMap", "UnitTestHashMap\UnitTestHashMap.vcxproj", "{35C32A8B-353F-4AE0-829C-4111DBEB58BD}"
EndProject
Global
	GlobalSection(SolutionConfigurationPlatforms) = preSolution
		Debug|x64 = Debug|x64
		Debug|x86 = Debug|x86
		Release|x64 = Release|x64
		Release|x86 = Release|x86
	EndGlobalSection
	GlobalSection(ProjectConfigurationPlatforms) = postSolution
		{1F524734-D5C9-4EE3-B8DE-63757B0FD123}.Debug|x64.ActiveCfg = Debug|x64
		{1F524734-D5C9-4EE3-B8DE-63757B0FD123}.Debug|x64.Build.0 = Debug|x64
		{1F524734-D5C9-4EE3-B8DE-63757B0FD123}.Debug|x86.ActiveCfg = Debug|Win32
		{1F524734-D5C9-4EE3-B8DE-63757B0FD123}.Debug|x86.Build.0 = Debug|Win32
		{1F524734-D5C9-4EE3-B8DE-63757B0FD123}.Release|x64.ActiveCfg = Release|x64
		{1F524734-D5C9-4EE3-B8DE-63757B0FD123}.Release|x64.Build.0 = Release|x64
		{1F524734-D5C9-4EE3-B8DE-63757B0FD123}.Release|x86.ActiveCfg = Release|Win32
		{1F524734-D5C9-4EE3-B8DE-63757B0FD123}.Release|x86.Build.0 = Release|Win32
		{35C32A8B-353F-4AE0-829C-4111DBEB58BD}.Debug|x64.ActiveCfg = Debug|x64
		{35C32A8B-353F-4AE0-829C-4111DBEB58BD}.Debug|x64.Build.0 = Debug|x64
		{35C32A8B-353F-4AE0-829C-4111DBEB58BD}.Debug|x86.ActiveCfg = Debug|Win32
		{35C32A8B-353F-4AE0-829C-4111DBEB58BD}.Debug|x86.Build.0 = Debug|Win32
		{35C32A8B-353F-4AE0-829C-4111DBEB58BD}.Release|x64.ActiveCfg = Release|x64
		{35C32A8B-353F-4AE0-829C-4111DBEB58BD}.Release|x64.Build.0 = Release|x64
		{35C32A8B-353F-4AE0-829C-4111DBEB58BD}.Release|x86.ActiveCfg = Release|Win32
		{35C32A8B-353F-4AE0-829C-4111DBEB58BD}.Release|x86.Build.0 = Release|Win32
	EndGlobalSection
	GlobalSection(SolutionProperties) = preSolution
		HideSolutionNode = FALSE
	EndGlobalSection
	GlobalSection(ExtensibilityGlobals) = postSolution
		SolutionGuid = {90270D40-0D21-4047-AA3A-E7C0E8B26C7F}
	EndGlobalSection
EndGlobal
